// !$*UTF8*$!
{
	archiveVersion = 1;
	classes = {
	};
	objectVersion = 55;
	objects = {

/* Begin PBXBuildFile section */
		9F6DCBCC283EFADF0071EA2C /* AlertManager.swift in Sources */ = {isa = PBXBuildFile; fileRef = 9F6DCBCB283EFADF0071EA2C /* AlertManager.swift */; };
		9F76AEF4283CE1BA005E7ED9 /* AppDelegate.swift in Sources */ = {isa = PBXBuildFile; fileRef = 9F76AEF3283CE1BA005E7ED9 /* AppDelegate.swift */; };
		9F76AEF6283CE1BA005E7ED9 /* SceneDelegate.swift in Sources */ = {isa = PBXBuildFile; fileRef = 9F76AEF5283CE1BA005E7ED9 /* SceneDelegate.swift */; };
		9F76AEF8283CE1BA005E7ED9 /* EpisodesVC.swift in Sources */ = {isa = PBXBuildFile; fileRef = 9F76AEF7283CE1BA005E7ED9 /* EpisodesVC.swift */; };
		9F76AEFD283CE1BC005E7ED9 /* Assets.xcassets in Resources */ = {isa = PBXBuildFile; fileRef = 9F76AEFC283CE1BC005E7ED9 /* Assets.xcassets */; };
		9F76AF00283CE1BC005E7ED9 /* LaunchScreen.storyboard in Resources */ = {isa = PBXBuildFile; fileRef = 9F76AEFE283CE1BC005E7ED9 /* LaunchScreen.storyboard */; };
		9F76AF0E283CE28B005E7ED9 /* Coordinator.swift in Sources */ = {isa = PBXBuildFile; fileRef = 9F76AF0D283CE28B005E7ED9 /* Coordinator.swift */; };
		9F76AF15283CE3F9005E7ED9 /* EpisodesVM.swift in Sources */ = {isa = PBXBuildFile; fileRef = 9F76AF14283CE3F9005E7ED9 /* EpisodesVM.swift */; };
		9F76AF17283CEE1F005E7ED9 /* ImageStore.swift in Sources */ = {isa = PBXBuildFile; fileRef = 9F76AF16283CEE1F005E7ED9 /* ImageStore.swift */; };
		9F76AF1A283CFDE2005E7ED9 /* EpisodeCell.swift in Sources */ = {isa = PBXBuildFile; fileRef = 9F76AF19283CFDE2005E7ED9 /* EpisodeCell.swift */; };
		9F76AF1D283CFEED005E7ED9 /* Endpoint.swift in Sources */ = {isa = PBXBuildFile; fileRef = 9F76AF1C283CFEED005E7ED9 /* Endpoint.swift */; };
		9F76AF1F283D04CC005E7ED9 /* RequestMethod.swift in Sources */ = {isa = PBXBuildFile; fileRef = 9F76AF1E283D04CC005E7ED9 /* RequestMethod.swift */; };
		9F76AF21283D09A1005E7ED9 /* RequestError.swift in Sources */ = {isa = PBXBuildFile; fileRef = 9F76AF20283D09A1005E7ED9 /* RequestError.swift */; };
		9F76AF23283D0C33005E7ED9 /* NetworkEngine.swift in Sources */ = {isa = PBXBuildFile; fileRef = 9F76AF22283D0C33005E7ED9 /* NetworkEngine.swift */; };
		9F76AF28283D102F005E7ED9 /* Character.swift in Sources */ = {isa = PBXBuildFile; fileRef = 9F76AF27283D102F005E7ED9 /* Character.swift */; };
		9F76AF2A283D1035005E7ED9 /* Episode.swift in Sources */ = {isa = PBXBuildFile; fileRef = 9F76AF29283D1035005E7ED9 /* Episode.swift */; };
		9F76AF2C283D103C005E7ED9 /* Location.swift in Sources */ = {isa = PBXBuildFile; fileRef = 9F76AF2B283D103C005E7ED9 /* Location.swift */; };
		9F76AF2E283D11EF005E7ED9 /* RickAndMortyEndpoint.swift in Sources */ = {isa = PBXBuildFile; fileRef = 9F76AF2D283D11EF005E7ED9 /* RickAndMortyEndpoint.swift */; };
		9F76AF32283D13BE005E7ED9 /* EpisodeService.swift in Sources */ = {isa = PBXBuildFile; fileRef = 9F76AF31283D13BE005E7ED9 /* EpisodeService.swift */; };
		9F76AF34283D1531005E7ED9 /* Info.swift in Sources */ = {isa = PBXBuildFile; fileRef = 9F76AF33283D1531005E7ED9 /* Info.swift */; };
		9F76AF3D283D22C7005E7ED9 /* CharacterDetailsVC.swift in Sources */ = {isa = PBXBuildFile; fileRef = 9F76AF3C283D22C7005E7ED9 /* CharacterDetailsVC.swift */; };
		9F76AF4B283D3D23005E7ED9 /* GlobalConstants.swift in Sources */ = {isa = PBXBuildFile; fileRef = 9F76AF4A283D3D23005E7ED9 /* GlobalConstants.swift */; };
		9FB2D86F2A6D84E30063BF45 /* BaseViewController.swift in Sources */ = {isa = PBXBuildFile; fileRef = 9FB2D86E2A6D84E30063BF45 /* BaseViewController.swift */; };
		9FF18175283D46880018544F /* UIColor+.swift in Sources */ = {isa = PBXBuildFile; fileRef = 9FF18174283D46880018544F /* UIColor+.swift */; };
		9FF18178283D4F2E0018544F /* ObservableObject.swift in Sources */ = {isa = PBXBuildFile; fileRef = 9FF18177283D4F2E0018544F /* ObservableObject.swift */; };
		9FF1817A283D79BE0018544F /* SearchBarModule.swift in Sources */ = {isa = PBXBuildFile; fileRef = 9FF18179283D79BE0018544F /* SearchBarModule.swift */; };
		9FF18181283DA4110018544F /* EpisodeDetailsVC.swift in Sources */ = {isa = PBXBuildFile; fileRef = 9FF18180283DA4110018544F /* EpisodeDetailsVC.swift */; };
		9FF18183283DA4660018544F /* EpisodeDetailsVM.swift in Sources */ = {isa = PBXBuildFile; fileRef = 9FF18182283DA4660018544F /* EpisodeDetailsVM.swift */; };
		9FF3D5ED283E47A2008C65ED /* CharacterService.swift in Sources */ = {isa = PBXBuildFile; fileRef = 9FF3D5EC283E47A2008C65ED /* CharacterService.swift */; };
		9FF3D5EF283E4B77008C65ED /* RangeReplaceableCollection+.swift in Sources */ = {isa = PBXBuildFile; fileRef = 9FF3D5EE283E4B77008C65ED /* RangeReplaceableCollection+.swift */; };
		9FF3D5F2283E5CF8008C65ED /* UIImageView+.swift in Sources */ = {isa = PBXBuildFile; fileRef = 9FF3D5F1283E5CF8008C65ED /* UIImageView+.swift */; };
		9FF3D5F5283E5D48008C65ED /* ImageCache.swift in Sources */ = {isa = PBXBuildFile; fileRef = 9FF3D5F4283E5D48008C65ED /* ImageCache.swift */; };
		9FF3D5F7283E749E008C65ED /* EpisodeInfoModule.swift in Sources */ = {isa = PBXBuildFile; fileRef = 9FF3D5F6283E749E008C65ED /* EpisodeInfoModule.swift */; };
		9FF3D5F9283E8230008C65ED /* CharacterDetailsVM.swift in Sources */ = {isa = PBXBuildFile; fileRef = 9FF3D5F8283E8230008C65ED /* CharacterDetailsVM.swift */; };
		9FF3D5FB283E933A008C65ED /* CharacterInfoModule.swift in Sources */ = {isa = PBXBuildFile; fileRef = 9FF3D5FA283E933A008C65ED /* CharacterInfoModule.swift */; };
		9FF3D5FD283EA3F6008C65ED /* UIView+.swift in Sources */ = {isa = PBXBuildFile; fileRef = 9FF3D5FC283EA3F6008C65ED /* UIView+.swift */; };
		9FF3D5FF283EDAA4008C65ED /* Imovies.swift in Sources */ = {isa = PBXBuildFile; fileRef = 9FF3D5FE283EDAA4008C65ED /* Imovies.swift */; };
		9FF3D601283EEA16008C65ED /* NetworkMonitor.swift in Sources */ = {isa = PBXBuildFile; fileRef = 9FF3D600283EEA16008C65ED /* NetworkMonitor.swift */; };
		9FF849CE283DB06C006FF35E /* CharacterCell.swift in Sources */ = {isa = PBXBuildFile; fileRef = 9FF849CD283DB06C006FF35E /* CharacterCell.swift */; };
/* End PBXBuildFile section */

/* Begin PBXFileReference section */
		9F6DCBCB283EFADF0071EA2C /* AlertManager.swift */ = {isa = PBXFileReference; lastKnownFileType = sourcecode.swift; path = AlertManager.swift; sourceTree = "<group>"; };
		9F76AEF0283CE1BA005E7ED9 /* RickAndMorty.app */ = {isa = PBXFileReference; explicitFileType = wrapper.application; includeInIndex = 0; path = RickAndMorty.app; sourceTree = BUILT_PRODUCTS_DIR; };
		9F76AEF3283CE1BA005E7ED9 /* AppDelegate.swift */ = {isa = PBXFileReference; lastKnownFileType = sourcecode.swift; path = AppDelegate.swift; sourceTree = "<group>"; };
		9F76AEF5283CE1BA005E7ED9 /* SceneDelegate.swift */ = {isa = PBXFileReference; lastKnownFileType = sourcecode.swift; path = SceneDelegate.swift; sourceTree = "<group>"; };
		9F76AEF7283CE1BA005E7ED9 /* EpisodesVC.swift */ = {isa = PBXFileReference; lastKnownFileType = sourcecode.swift; path = EpisodesVC.swift; sourceTree = "<group>"; };
		9F76AEFC283CE1BC005E7ED9 /* Assets.xcassets */ = {isa = PBXFileReference; lastKnownFileType = folder.assetcatalog; path = Assets.xcassets; sourceTree = "<group>"; };
		9F76AEFF283CE1BC005E7ED9 /* Base */ = {isa = PBXFileReference; lastKnownFileType = file.storyboard; name = Base; path = Base.lproj/LaunchScreen.storyboard; sourceTree = "<group>"; };
		9F76AF01283CE1BC005E7ED9 /* Info.plist */ = {isa = PBXFileReference; lastKnownFileType = text.plist.xml; path = Info.plist; sourceTree = "<group>"; };
		9F76AF0D283CE28B005E7ED9 /* Coordinator.swift */ = {isa = PBXFileReference; lastKnownFileType = sourcecode.swift; path = Coordinator.swift; sourceTree = "<group>"; };
		9F76AF14283CE3F9005E7ED9 /* EpisodesVM.swift */ = {isa = PBXFileReference; lastKnownFileType = sourcecode.swift; path = EpisodesVM.swift; sourceTree = "<group>"; };
		9F76AF16283CEE1F005E7ED9 /* ImageStore.swift */ = {isa = PBXFileReference; lastKnownFileType = sourcecode.swift; path = ImageStore.swift; sourceTree = "<group>"; };
		9F76AF19283CFDE2005E7ED9 /* EpisodeCell.swift */ = {isa = PBXFileReference; lastKnownFileType = sourcecode.swift; path = EpisodeCell.swift; sourceTree = "<group>"; };
		9F76AF1C283CFEED005E7ED9 /* Endpoint.swift */ = {isa = PBXFileReference; lastKnownFileType = sourcecode.swift; path = Endpoint.swift; sourceTree = "<group>"; };
		9F76AF1E283D04CC005E7ED9 /* RequestMethod.swift */ = {isa = PBXFileReference; lastKnownFileType = sourcecode.swift; path = RequestMethod.swift; sourceTree = "<group>"; };
		9F76AF20283D09A1005E7ED9 /* RequestError.swift */ = {isa = PBXFileReference; lastKnownFileType = sourcecode.swift; path = RequestError.swift; sourceTree = "<group>"; };
		9F76AF22283D0C33005E7ED9 /* NetworkEngine.swift */ = {isa = PBXFileReference; lastKnownFileType = sourcecode.swift; path = NetworkEngine.swift; sourceTree = "<group>"; };
		9F76AF27283D102F005E7ED9 /* Character.swift */ = {isa = PBXFileReference; lastKnownFileType = sourcecode.swift; path = Character.swift; sourceTree = "<group>"; };
		9F76AF29283D1035005E7ED9 /* Episode.swift */ = {isa = PBXFileReference; lastKnownFileType = sourcecode.swift; path = Episode.swift; sourceTree = "<group>"; };
		9F76AF2B283D103C005E7ED9 /* Location.swift */ = {isa = PBXFileReference; lastKnownFileType = sourcecode.swift; path = Location.swift; sourceTree = "<group>"; };
		9F76AF2D283D11EF005E7ED9 /* RickAndMortyEndpoint.swift */ = {isa = PBXFileReference; lastKnownFileType = sourcecode.swift; path = RickAndMortyEndpoint.swift; sourceTree = "<group>"; };
		9F76AF31283D13BE005E7ED9 /* EpisodeService.swift */ = {isa = PBXFileReference; lastKnownFileType = sourcecode.swift; path = EpisodeService.swift; sourceTree = "<group>"; };
		9F76AF33283D1531005E7ED9 /* Info.swift */ = {isa = PBXFileReference; lastKnownFileType = sourcecode.swift; path = Info.swift; sourceTree = "<group>"; };
		9F76AF3C283D22C7005E7ED9 /* CharacterDetailsVC.swift */ = {isa = PBXFileReference; lastKnownFileType = sourcecode.swift; path = CharacterDetailsVC.swift; sourceTree = "<group>"; };
		9F76AF4A283D3D23005E7ED9 /* GlobalConstants.swift */ = {isa = PBXFileReference; lastKnownFileType = sourcecode.swift; path = GlobalConstants.swift; sourceTree = "<group>"; };
		9FB2D86E2A6D84E30063BF45 /* BaseViewController.swift */ = {isa = PBXFileReference; lastKnownFileType = sourcecode.swift; path = BaseViewController.swift; sourceTree = "<group>"; };
		9FF18174283D46880018544F /* UIColor+.swift */ = {isa = PBXFileReference; lastKnownFileType = sourcecode.swift; path = "UIColor+.swift"; sourceTree = "<group>"; };
		9FF18177283D4F2E0018544F /* ObservableObject.swift */ = {isa = PBXFileReference; lastKnownFileType = sourcecode.swift; path = ObservableObject.swift; sourceTree = "<group>"; };
		9FF18179283D79BE0018544F /* SearchBarModule.swift */ = {isa = PBXFileReference; lastKnownFileType = sourcecode.swift; path = SearchBarModule.swift; sourceTree = "<group>"; };
		9FF18180283DA4110018544F /* EpisodeDetailsVC.swift */ = {isa = PBXFileReference; lastKnownFileType = sourcecode.swift; path = EpisodeDetailsVC.swift; sourceTree = "<group>"; };
		9FF18182283DA4660018544F /* EpisodeDetailsVM.swift */ = {isa = PBXFileReference; lastKnownFileType = sourcecode.swift; path = EpisodeDetailsVM.swift; sourceTree = "<group>"; };
		9FF3D5EC283E47A2008C65ED /* CharacterService.swift */ = {isa = PBXFileReference; lastKnownFileType = sourcecode.swift; path = CharacterService.swift; sourceTree = "<group>"; };
		9FF3D5EE283E4B77008C65ED /* RangeReplaceableCollection+.swift */ = {isa = PBXFileReference; lastKnownFileType = sourcecode.swift; path = "RangeReplaceableCollection+.swift"; sourceTree = "<group>"; };
		9FF3D5F1283E5CF8008C65ED /* UIImageView+.swift */ = {isa = PBXFileReference; lastKnownFileType = sourcecode.swift; path = "UIImageView+.swift"; sourceTree = "<group>"; };
		9FF3D5F4283E5D48008C65ED /* ImageCache.swift */ = {isa = PBXFileReference; lastKnownFileType = sourcecode.swift; path = ImageCache.swift; sourceTree = "<group>"; };
		9FF3D5F6283E749E008C65ED /* EpisodeInfoModule.swift */ = {isa = PBXFileReference; lastKnownFileType = sourcecode.swift; path = EpisodeInfoModule.swift; sourceTree = "<group>"; };
		9FF3D5F8283E8230008C65ED /* CharacterDetailsVM.swift */ = {isa = PBXFileReference; lastKnownFileType = sourcecode.swift; path = CharacterDetailsVM.swift; sourceTree = "<group>"; };
		9FF3D5FA283E933A008C65ED /* CharacterInfoModule.swift */ = {isa = PBXFileReference; lastKnownFileType = sourcecode.swift; path = CharacterInfoModule.swift; sourceTree = "<group>"; };
		9FF3D5FC283EA3F6008C65ED /* UIView+.swift */ = {isa = PBXFileReference; lastKnownFileType = sourcecode.swift; path = "UIView+.swift"; sourceTree = "<group>"; };
		9FF3D5FE283EDAA4008C65ED /* Imovies.swift */ = {isa = PBXFileReference; lastKnownFileType = sourcecode.swift; path = Imovies.swift; sourceTree = "<group>"; };
		9FF3D600283EEA16008C65ED /* NetworkMonitor.swift */ = {isa = PBXFileReference; lastKnownFileType = sourcecode.swift; path = NetworkMonitor.swift; sourceTree = "<group>"; };
		9FF849CD283DB06C006FF35E /* CharacterCell.swift */ = {isa = PBXFileReference; lastKnownFileType = sourcecode.swift; path = CharacterCell.swift; sourceTree = "<group>"; };
/* End PBXFileReference section */

/* Begin PBXFrameworksBuildPhase section */
		9F76AEED283CE1BA005E7ED9 /* Frameworks */ = {
			isa = PBXFrameworksBuildPhase;
			buildActionMask = 2147483647;
			files = (
			);
			runOnlyForDeploymentPostprocessing = 0;
		};
/* End PBXFrameworksBuildPhase section */

/* Begin PBXGroup section */
		9F76AEE7283CE1BA005E7ED9 = {
			isa = PBXGroup;
			children = (
				9F76AEF2283CE1BA005E7ED9 /* RickAndMorty */,
				9F76AEF1283CE1BA005E7ED9 /* Products */,
			);
			sourceTree = "<group>";
		};
		9F76AEF1283CE1BA005E7ED9 /* Products */ = {
			isa = PBXGroup;
			children = (
				9F76AEF0283CE1BA005E7ED9 /* RickAndMorty.app */,
			);
			name = Products;
			sourceTree = "<group>";
		};
		9F76AEF2283CE1BA005E7ED9 /* RickAndMorty */ = {
			isa = PBXGroup;
			children = (
				9FF3D5F3283E5D3F008C65ED /* Cache */,
				9FF18173283D467D0018544F /* Extensions */,
				9F76AF49283D3D18005E7ED9 /* Constants */,
				9F76AF0B283CE267005E7ED9 /* Networking */,
				9F76AF26283D0FFF005E7ED9 /* Model */,
				9F76AF0A283CE262005E7ED9 /* Utility */,
				9F76AF09283CE256005E7ED9 /* Presentation */,
				9F76AF08283CE251005E7ED9 /* Scenes */,
				9F76AF07283CE249005E7ED9 /* Root */,
				9F76AF0C283CE26F005E7ED9 /* Resources */,
				9F76AF01283CE1BC005E7ED9 /* Info.plist */,
			);
			path = RickAndMorty;
			sourceTree = "<group>";
		};
		9F76AF07283CE249005E7ED9 /* Root */ = {
			isa = PBXGroup;
			children = (
				9F76AEF3283CE1BA005E7ED9 /* AppDelegate.swift */,
				9F76AEF5283CE1BA005E7ED9 /* SceneDelegate.swift */,
			);
			path = Root;
			sourceTree = "<group>";
		};
		9F76AF08283CE251005E7ED9 /* Scenes */ = {
			isa = PBXGroup;
			children = (
				9F76AF0F283CE3C9005E7ED9 /* Episodes */,
				9FF1817B283DA3DA0018544F /* EpisodeDetails */,
				9F76AF37283D2273005E7ED9 /* CharacterDetails */,
			);
			path = Scenes;
			sourceTree = "<group>";
		};
		9F76AF09283CE256005E7ED9 /* Presentation */ = {
			isa = PBXGroup;
			children = (
				9F76AEFE283CE1BC005E7ED9 /* LaunchScreen.storyboard */,
			);
			path = Presentation;
			sourceTree = "<group>";
		};
		9F76AF0A283CE262005E7ED9 /* Utility */ = {
			isa = PBXGroup;
			children = (
				9FB2D86E2A6D84E30063BF45 /* BaseViewController.swift */,
				9F76AF0D283CE28B005E7ED9 /* Coordinator.swift */,
				9F76AF16283CEE1F005E7ED9 /* ImageStore.swift */,
				9FF18177283D4F2E0018544F /* ObservableObject.swift */,
				9FF3D600283EEA16008C65ED /* NetworkMonitor.swift */,
				9F6DCBCB283EFADF0071EA2C /* AlertManager.swift */,
			);
			path = Utility;
			sourceTree = "<group>";
		};
		9F76AF0B283CE267005E7ED9 /* Networking */ = {
			isa = PBXGroup;
			children = (
				9F76AF25283D0FEF005E7ED9 /* Endpoints */,
				9F76AF24283D0FD5005E7ED9 /* Service */,
				9F76AF1B283CFEE5005E7ED9 /* Core */,
			);
			path = Networking;
			sourceTree = "<group>";
		};
		9F76AF0C283CE26F005E7ED9 /* Resources */ = {
			isa = PBXGroup;
			children = (
				9F76AEFC283CE1BC005E7ED9 /* Assets.xcassets */,
			);
			path = Resources;
			sourceTree = "<group>";
		};
		9F76AF0F283CE3C9005E7ED9 /* Episodes */ = {
			isa = PBXGroup;
			children = (
				9F76AF10283CE3D2005E7ED9 /* Controller */,
				9F76AF12283CE3E6005E7ED9 /* ViewModel */,
				9F76AF11283CE3E2005E7ED9 /* View */,
				9F76AF13283CE3EB005E7ED9 /* Cell */,
			);
			path = Episodes;
			sourceTree = "<group>";
		};
		9F76AF10283CE3D2005E7ED9 /* Controller */ = {
			isa = PBXGroup;
			children = (
				9F76AEF7283CE1BA005E7ED9 /* EpisodesVC.swift */,
			);
			path = Controller;
			sourceTree = "<group>";
		};
		9F76AF11283CE3E2005E7ED9 /* View */ = {
			isa = PBXGroup;
			children = (
				9FF18179283D79BE0018544F /* SearchBarModule.swift */,
			);
			path = View;
			sourceTree = "<group>";
		};
		9F76AF12283CE3E6005E7ED9 /* ViewModel */ = {
			isa = PBXGroup;
			children = (
				9F76AF14283CE3F9005E7ED9 /* EpisodesVM.swift */,
			);
			path = ViewModel;
			sourceTree = "<group>";
		};
		9F76AF13283CE3EB005E7ED9 /* Cell */ = {
			isa = PBXGroup;
			children = (
				9F76AF19283CFDE2005E7ED9 /* EpisodeCell.swift */,
			);
			path = Cell;
			sourceTree = "<group>";
		};
		9F76AF1B283CFEE5005E7ED9 /* Core */ = {
			isa = PBXGroup;
			children = (
				9F76AF1C283CFEED005E7ED9 /* Endpoint.swift */,
				9F76AF1E283D04CC005E7ED9 /* RequestMethod.swift */,
				9F76AF20283D09A1005E7ED9 /* RequestError.swift */,
				9F76AF22283D0C33005E7ED9 /* NetworkEngine.swift */,
			);
			path = Core;
			sourceTree = "<group>";
		};
		9F76AF24283D0FD5005E7ED9 /* Service */ = {
			isa = PBXGroup;
			children = (
				9F76AF31283D13BE005E7ED9 /* EpisodeService.swift */,
				9FF3D5EC283E47A2008C65ED /* CharacterService.swift */,
			);
			path = Service;
			sourceTree = "<group>";
		};
		9F76AF25283D0FEF005E7ED9 /* Endpoints */ = {
			isa = PBXGroup;
			children = (
				9F76AF2D283D11EF005E7ED9 /* RickAndMortyEndpoint.swift */,
				9FF3D5FE283EDAA4008C65ED /* Imovies.swift */,
			);
			path = Endpoints;
			sourceTree = "<group>";
		};
		9F76AF26283D0FFF005E7ED9 /* Model */ = {
			isa = PBXGroup;
			children = (
				9FF849D1283E3D3C006FF35E /* Codable */,
			);
			path = Model;
			sourceTree = "<group>";
		};
		9F76AF37283D2273005E7ED9 /* CharacterDetails */ = {
			isa = PBXGroup;
			children = (
				9F76AF44283D2A72005E7ED9 /* View */,
				9F76AF43283D2A6C005E7ED9 /* ViewModel */,
				9F76AF42283D2A65005E7ED9 /* Controller */,
			);
			path = CharacterDetails;
			sourceTree = "<group>";
		};
		9F76AF42283D2A65005E7ED9 /* Controller */ = {
			isa = PBXGroup;
			children = (
				9F76AF3C283D22C7005E7ED9 /* CharacterDetailsVC.swift */,
			);
			path = Controller;
			sourceTree = "<group>";
		};
		9F76AF43283D2A6C005E7ED9 /* ViewModel */ = {
			isa = PBXGroup;
			children = (
				9FF3D5F8283E8230008C65ED /* CharacterDetailsVM.swift */,
			);
			path = ViewModel;
			sourceTree = "<group>";
		};
		9F76AF44283D2A72005E7ED9 /* View */ = {
			isa = PBXGroup;
			children = (
				9FF3D5FA283E933A008C65ED /* CharacterInfoModule.swift */,
			);
			path = View;
			sourceTree = "<group>";
		};
		9F76AF49283D3D18005E7ED9 /* Constants */ = {
			isa = PBXGroup;
			children = (
				9F76AF4A283D3D23005E7ED9 /* GlobalConstants.swift */,
			);
			path = Constants;
			sourceTree = "<group>";
		};
		9FF18173283D467D0018544F /* Extensions */ = {
			isa = PBXGroup;
			children = (
				9FF18174283D46880018544F /* UIColor+.swift */,
				9FF3D5EE283E4B77008C65ED /* RangeReplaceableCollection+.swift */,
				9FF3D5F1283E5CF8008C65ED /* UIImageView+.swift */,
				9FF3D5FC283EA3F6008C65ED /* UIView+.swift */,
			);
			path = Extensions;
			sourceTree = "<group>";
		};
		9FF1817B283DA3DA0018544F /* EpisodeDetails */ = {
			isa = PBXGroup;
			children = (
				9FF1817C283DA3E40018544F /* Controller */,
				9FF1817D283DA3F00018544F /* ViewModel */,
				9FF1817F283DA3FA0018544F /* Cell */,
				9FF1817E283DA3F70018544F /* View */,
			);
			path = EpisodeDetails;
			sourceTree = "<group>";
		};
		9FF1817C283DA3E40018544F /* Controller */ = {
			isa = PBXGroup;
			children = (
				9FF18180283DA4110018544F /* EpisodeDetailsVC.swift */,
			);
			path = Controller;
			sourceTree = "<group>";
		};
		9FF1817D283DA3F00018544F /* ViewModel */ = {
			isa = PBXGroup;
			children = (
				9FF18182283DA4660018544F /* EpisodeDetailsVM.swift */,
			);
			path = ViewModel;
			sourceTree = "<group>";
		};
		9FF1817E283DA3F70018544F /* View */ = {
			isa = PBXGroup;
			children = (
				9FF3D5F6283E749E008C65ED /* EpisodeInfoModule.swift */,
			);
			path = View;
			sourceTree = "<group>";
		};
		9FF1817F283DA3FA0018544F /* Cell */ = {
			isa = PBXGroup;
			children = (
				9FF849CD283DB06C006FF35E /* CharacterCell.swift */,
			);
			path = Cell;
			sourceTree = "<group>";
		};
		9FF3D5F3283E5D3F008C65ED /* Cache */ = {
			isa = PBXGroup;
			children = (
				9FF3D5F4283E5D48008C65ED /* ImageCache.swift */,
			);
			path = Cache;
			sourceTree = "<group>";
		};
		9FF849D1283E3D3C006FF35E /* Codable */ = {
			isa = PBXGroup;
			children = (
				9F76AF27283D102F005E7ED9 /* Character.swift */,
				9F76AF29283D1035005E7ED9 /* Episode.swift */,
				9F76AF2B283D103C005E7ED9 /* Location.swift */,
				9F76AF33283D1531005E7ED9 /* Info.swift */,
			);
			path = Codable;
			sourceTree = "<group>";
		};
/* End PBXGroup section */

/* Begin PBXNativeTarget section */
		9F76AEEF283CE1BA005E7ED9 /* RickAndMorty */ = {
			isa = PBXNativeTarget;
			buildConfigurationList = 9F76AF04283CE1BC005E7ED9 /* Build configuration list for PBXNativeTarget "RickAndMorty" */;
			buildPhases = (
				9F76AEEC283CE1BA005E7ED9 /* Sources */,
				9F76AEED283CE1BA005E7ED9 /* Frameworks */,
				9F76AEEE283CE1BA005E7ED9 /* Resources */,
			);
			buildRules = (
			);
			dependencies = (
			);
			name = RickAndMorty;
			productName = RickAndMorty;
			productReference = 9F76AEF0283CE1BA005E7ED9 /* RickAndMorty.app */;
			productType = "com.apple.product-type.application";
		};
/* End PBXNativeTarget section */

/* Begin PBXProject section */
		9F76AEE8283CE1BA005E7ED9 /* Project object */ = {
			isa = PBXProject;
			attributes = {
				BuildIndependentTargetsInParallel = 1;
				LastSwiftUpdateCheck = 1330;
				LastUpgradeCheck = 1330;
				TargetAttributes = {
					9F76AEEF283CE1BA005E7ED9 = {
						CreatedOnToolsVersion = 13.3.1;
					};
				};
			};
			buildConfigurationList = 9F76AEEB283CE1BA005E7ED9 /* Build configuration list for PBXProject "RickAndMorty" */;
			compatibilityVersion = "Xcode 13.0";
			developmentRegion = en;
			hasScannedForEncodings = 0;
			knownRegions = (
				en,
				Base,
			);
			mainGroup = 9F76AEE7283CE1BA005E7ED9;
			productRefGroup = 9F76AEF1283CE1BA005E7ED9 /* Products */;
			projectDirPath = "";
			projectRoot = "";
			targets = (
				9F76AEEF283CE1BA005E7ED9 /* RickAndMorty */,
			);
		};
/* End PBXProject section */

/* Begin PBXResourcesBuildPhase section */
		9F76AEEE283CE1BA005E7ED9 /* Resources */ = {
			isa = PBXResourcesBuildPhase;
			buildActionMask = 2147483647;
			files = (
				9F76AF00283CE1BC005E7ED9 /* LaunchScreen.storyboard in Resources */,
				9F76AEFD283CE1BC005E7ED9 /* Assets.xcassets in Resources */,
			);
			runOnlyForDeploymentPostprocessing = 0;
		};
/* End PBXResourcesBuildPhase section */

/* Begin PBXSourcesBuildPhase section */
		9F76AEEC283CE1BA005E7ED9 /* Sources */ = {
			isa = PBXSourcesBuildPhase;
			buildActionMask = 2147483647;
			files = (
				9FF3D5F5283E5D48008C65ED /* ImageCache.swift in Sources */,
				9F76AF23283D0C33005E7ED9 /* NetworkEngine.swift in Sources */,
				9F76AF0E283CE28B005E7ED9 /* Coordinator.swift in Sources */,
				9FF3D5FB283E933A008C65ED /* CharacterInfoModule.swift in Sources */,
				9F76AF17283CEE1F005E7ED9 /* ImageStore.swift in Sources */,
				9FF18183283DA4660018544F /* EpisodeDetailsVM.swift in Sources */,
				9F76AF28283D102F005E7ED9 /* Character.swift in Sources */,
				9FF3D5F2283E5CF8008C65ED /* UIImageView+.swift in Sources */,
				9F6DCBCC283EFADF0071EA2C /* AlertManager.swift in Sources */,
				9FF3D5FF283EDAA4008C65ED /* Imovies.swift in Sources */,
				9F76AF1D283CFEED005E7ED9 /* Endpoint.swift in Sources */,
				9FB2D86F2A6D84E30063BF45 /* BaseViewController.swift in Sources */,
				9FF18178283D4F2E0018544F /* ObservableObject.swift in Sources */,
				9FF3D5F9283E8230008C65ED /* CharacterDetailsVM.swift in Sources */,
				9F76AEF8283CE1BA005E7ED9 /* EpisodesVC.swift in Sources */,
				9FF1817A283D79BE0018544F /* SearchBarModule.swift in Sources */,
				9F76AF3D283D22C7005E7ED9 /* CharacterDetailsVC.swift in Sources */,
				9F76AF2C283D103C005E7ED9 /* Location.swift in Sources */,
				9FF18181283DA4110018544F /* EpisodeDetailsVC.swift in Sources */,
				9F76AEF4283CE1BA005E7ED9 /* AppDelegate.swift in Sources */,
				9F76AF2A283D1035005E7ED9 /* Episode.swift in Sources */,
				9F76AF32283D13BE005E7ED9 /* EpisodeService.swift in Sources */,
				9F76AF1A283CFDE2005E7ED9 /* EpisodeCell.swift in Sources */,
				9FF3D5F7283E749E008C65ED /* EpisodeInfoModule.swift in Sources */,
				9FF849CE283DB06C006FF35E /* CharacterCell.swift in Sources */,
				9F76AF21283D09A1005E7ED9 /* RequestError.swift in Sources */,
				9F76AF2E283D11EF005E7ED9 /* RickAndMortyEndpoint.swift in Sources */,
				9FF3D5EF283E4B77008C65ED /* RangeReplaceableCollection+.swift in Sources */,
				9FF3D5FD283EA3F6008C65ED /* UIView+.swift in Sources */,
				9F76AF4B283D3D23005E7ED9 /* GlobalConstants.swift in Sources */,
				9FF3D601283EEA16008C65ED /* NetworkMonitor.swift in Sources */,
				9FF18175283D46880018544F /* UIColor+.swift in Sources */,
				9FF3D5ED283E47A2008C65ED /* CharacterService.swift in Sources */,
				9F76AF15283CE3F9005E7ED9 /* EpisodesVM.swift in Sources */,
				9F76AF1F283D04CC005E7ED9 /* RequestMethod.swift in Sources */,
				9F76AEF6283CE1BA005E7ED9 /* SceneDelegate.swift in Sources */,
				9F76AF34283D1531005E7ED9 /* Info.swift in Sources */,
			);
			runOnlyForDeploymentPostprocessing = 0;
		};
/* End PBXSourcesBuildPhase section */

/* Begin PBXVariantGroup section */
		9F76AEFE283CE1BC005E7ED9 /* LaunchScreen.storyboard */ = {
			isa = PBXVariantGroup;
			children = (
				9F76AEFF283CE1BC005E7ED9 /* Base */,
			);
			name = LaunchScreen.storyboard;
			sourceTree = "<group>";
		};
/* End PBXVariantGroup section */

/* Begin XCBuildConfiguration section */
		9F76AF02283CE1BC005E7ED9 /* Debug */ = {
			isa = XCBuildConfiguration;
			buildSettings = {
				ALWAYS_SEARCH_USER_PATHS = NO;
				CLANG_ANALYZER_NONNULL = YES;
				CLANG_ANALYZER_NUMBER_OBJECT_CONVERSION = YES_AGGRESSIVE;
				CLANG_CXX_LANGUAGE_STANDARD = "gnu++17";
				CLANG_ENABLE_MODULES = YES;
				CLANG_ENABLE_OBJC_ARC = YES;
				CLANG_ENABLE_OBJC_WEAK = YES;
				CLANG_WARN_BLOCK_CAPTURE_AUTORELEASING = YES;
				CLANG_WARN_BOOL_CONVERSION = YES;
				CLANG_WARN_COMMA = YES;
				CLANG_WARN_CONSTANT_CONVERSION = YES;
				CLANG_WARN_DEPRECATED_OBJC_IMPLEMENTATIONS = YES;
				CLANG_WARN_DIRECT_OBJC_ISA_USAGE = YES_ERROR;
				CLANG_WARN_DOCUMENTATION_COMMENTS = YES;
				CLANG_WARN_EMPTY_BODY = YES;
				CLANG_WARN_ENUM_CONVERSION = YES;
				CLANG_WARN_INFINITE_RECURSION = YES;
				CLANG_WARN_INT_CONVERSION = YES;
				CLANG_WARN_NON_LITERAL_NULL_CONVERSION = YES;
				CLANG_WARN_OBJC_IMPLICIT_RETAIN_SELF = YES;
				CLANG_WARN_OBJC_LITERAL_CONVERSION = YES;
				CLANG_WARN_OBJC_ROOT_CLASS = YES_ERROR;
				CLANG_WARN_QUOTED_INCLUDE_IN_FRAMEWORK_HEADER = YES;
				CLANG_WARN_RANGE_LOOP_ANALYSIS = YES;
				CLANG_WARN_STRICT_PROTOTYPES = YES;
				CLANG_WARN_SUSPICIOUS_MOVE = YES;
				CLANG_WARN_UNGUARDED_AVAILABILITY = YES_AGGRESSIVE;
				CLANG_WARN_UNREACHABLE_CODE = YES;
				CLANG_WARN__DUPLICATE_METHOD_MATCH = YES;
				COPY_PHASE_STRIP = NO;
				DEBUG_INFORMATION_FORMAT = dwarf;
				ENABLE_STRICT_OBJC_MSGSEND = YES;
				ENABLE_TESTABILITY = YES;
				GCC_C_LANGUAGE_STANDARD = gnu11;
				GCC_DYNAMIC_NO_PIC = NO;
				GCC_NO_COMMON_BLOCKS = YES;
				GCC_OPTIMIZATION_LEVEL = 0;
				GCC_PREPROCESSOR_DEFINITIONS = (
					"DEBUG=1",
					"$(inherited)",
				);
				GCC_WARN_64_TO_32_BIT_CONVERSION = YES;
				GCC_WARN_ABOUT_RETURN_TYPE = YES_ERROR;
				GCC_WARN_UNDECLARED_SELECTOR = YES;
				GCC_WARN_UNINITIALIZED_AUTOS = YES_AGGRESSIVE;
				GCC_WARN_UNUSED_FUNCTION = YES;
				GCC_WARN_UNUSED_VARIABLE = YES;
				IPHONEOS_DEPLOYMENT_TARGET = 15.4;
				MTL_ENABLE_DEBUG_INFO = INCLUDE_SOURCE;
				MTL_FAST_MATH = YES;
				ONLY_ACTIVE_ARCH = YES;
				SDKROOT = iphoneos;
				SWIFT_ACTIVE_COMPILATION_CONDITIONS = DEBUG;
				SWIFT_OPTIMIZATION_LEVEL = "-Onone";
			};
			name = Debug;
		};
		9F76AF03283CE1BC005E7ED9 /* Release */ = {
			isa = XCBuildConfiguration;
			buildSettings = {
				ALWAYS_SEARCH_USER_PATHS = NO;
				CLANG_ANALYZER_NONNULL = YES;
				CLANG_ANALYZER_NUMBER_OBJECT_CONVERSION = YES_AGGRESSIVE;
				CLANG_CXX_LANGUAGE_STANDARD = "gnu++17";
				CLANG_ENABLE_MODULES = YES;
				CLANG_ENABLE_OBJC_ARC = YES;
				CLANG_ENABLE_OBJC_WEAK = YES;
				CLANG_WARN_BLOCK_CAPTURE_AUTORELEASING = YES;
				CLANG_WARN_BOOL_CONVERSION = YES;
				CLANG_WARN_COMMA = YES;
				CLANG_WARN_CONSTANT_CONVERSION = YES;
				CLANG_WARN_DEPRECATED_OBJC_IMPLEMENTATIONS = YES;
				CLANG_WARN_DIRECT_OBJC_ISA_USAGE = YES_ERROR;
				CLANG_WARN_DOCUMENTATION_COMMENTS = YES;
				CLANG_WARN_EMPTY_BODY = YES;
				CLANG_WARN_ENUM_CONVERSION = YES;
				CLANG_WARN_INFINITE_RECURSION = YES;
				CLANG_WARN_INT_CONVERSION = YES;
				CLANG_WARN_NON_LITERAL_NULL_CONVERSION = YES;
				CLANG_WARN_OBJC_IMPLICIT_RETAIN_SELF = YES;
				CLANG_WARN_OBJC_LITERAL_CONVERSION = YES;
				CLANG_WARN_OBJC_ROOT_CLASS = YES_ERROR;
				CLANG_WARN_QUOTED_INCLUDE_IN_FRAMEWORK_HEADER = YES;
				CLANG_WARN_RANGE_LOOP_ANALYSIS = YES;
				CLANG_WARN_STRICT_PROTOTYPES = YES;
				CLANG_WARN_SUSPICIOUS_MOVE = YES;
				CLANG_WARN_UNGUARDED_AVAILABILITY = YES_AGGRESSIVE;
				CLANG_WARN_UNREACHABLE_CODE = YES;
				CLANG_WARN__DUPLICATE_METHOD_MATCH = YES;
				COPY_PHASE_STRIP = NO;
				DEBUG_INFORMATION_FORMAT = "dwarf-with-dsym";
				ENABLE_NS_ASSERTIONS = NO;
				ENABLE_STRICT_OBJC_MSGSEND = YES;
				GCC_C_LANGUAGE_STANDARD = gnu11;
				GCC_NO_COMMON_BLOCKS = YES;
				GCC_WARN_64_TO_32_BIT_CONVERSION = YES;
				GCC_WARN_ABOUT_RETURN_TYPE = YES_ERROR;
				GCC_WARN_UNDECLARED_SELECTOR = YES;
				GCC_WARN_UNINITIALIZED_AUTOS = YES_AGGRESSIVE;
				GCC_WARN_UNUSED_FUNCTION = YES;
				GCC_WARN_UNUSED_VARIABLE = YES;
				IPHONEOS_DEPLOYMENT_TARGET = 15.4;
				MTL_ENABLE_DEBUG_INFO = NO;
				MTL_FAST_MATH = YES;
				SDKROOT = iphoneos;
				SWIFT_COMPILATION_MODE = wholemodule;
				SWIFT_OPTIMIZATION_LEVEL = "-O";
				VALIDATE_PRODUCT = YES;
			};
			name = Release;
		};
		9F76AF05283CE1BC005E7ED9 /* Debug */ = {
			isa = XCBuildConfiguration;
			buildSettings = {
				ASSETCATALOG_COMPILER_APPICON_NAME = AppIcon;
				ASSETCATALOG_COMPILER_GLOBAL_ACCENT_COLOR_NAME = AccentColor;
				CODE_SIGN_STYLE = Automatic;
				CURRENT_PROJECT_VERSION = 1;
				DEVELOPMENT_TEAM = 8JDHD2Z7HU;
				GENERATE_INFOPLIST_FILE = YES;
				INFOPLIST_FILE = RickAndMorty/Info.plist;
				INFOPLIST_KEY_UIApplicationSupportsIndirectInputEvents = YES;
				INFOPLIST_KEY_UILaunchStoryboardName = LaunchScreen;
				INFOPLIST_KEY_UIStatusBarStyle = "";
				INFOPLIST_KEY_UISupportedInterfaceOrientations = UIInterfaceOrientationPortrait;
				INFOPLIST_KEY_UISupportedInterfaceOrientations_iPad = "UIInterfaceOrientationPortrait UIInterfaceOrientationPortraitUpsideDown UIInterfaceOrientationLandscapeLeft UIInterfaceOrientationLandscapeRight";
				INFOPLIST_KEY_UISupportedInterfaceOrientations_iPhone = "UIInterfaceOrientationPortrait UIInterfaceOrientationLandscapeLeft UIInterfaceOrientationLandscapeRight";
				LD_RUNPATH_SEARCH_PATHS = (
					"$(inherited)",
					"@executable_path/Frameworks",
				);
				MARKETING_VERSION = 1.0;
				PRODUCT_BUNDLE_IDENTIFIER = aleksandre.RickAndMorty;
				PRODUCT_NAME = "$(TARGET_NAME)";
				SWIFT_EMIT_LOC_STRINGS = YES;
				SWIFT_VERSION = 5.0;
				TARGETED_DEVICE_FAMILY = "1,2";
			};
			name = Debug;
		};
		9F76AF06283CE1BC005E7ED9 /* Release */ = {
			isa = XCBuildConfiguration;
			buildSettings = {
				ASSETCATALOG_COMPILER_APPICON_NAME = AppIcon;
				ASSETCATALOG_COMPILER_GLOBAL_ACCENT_COLOR_NAME = AccentColor;
				CODE_SIGN_STYLE = Automatic;
				CURRENT_PROJECT_VERSION = 1;
				DEVELOPMENT_TEAM = 8JDHD2Z7HU;
				GENERATE_INFOPLIST_FILE = YES;
				INFOPLIST_FILE = RickAndMorty/Info.plist;
				INFOPLIST_KEY_UIApplicationSupportsIndirectInputEvents = YES;
				INFOPLIST_KEY_UILaunchStoryboardName = LaunchScreen;
				INFOPLIST_KEY_UIStatusBarStyle = "";
				INFOPLIST_KEY_UISupportedInterfaceOrientations = UIInterfaceOrientationPortrait;
				INFOPLIST_KEY_UISupportedInterfaceOrientations_iPad = "UIInterfaceOrientationPortrait UIInterfaceOrientationPortraitUpsideDown UIInterfaceOrientationLandscapeLeft UIInterfaceOrientationLandscapeRight";
				INFOPLIST_KEY_UISupportedInterfaceOrientations_iPhone = "UIInterfaceOrientationPortrait UIInterfaceOrientationLandscapeLeft UIInterfaceOrientationLandscapeRight";
				LD_RUNPATH_SEARCH_PATHS = (
					"$(inherited)",
					"@executable_path/Frameworks",
				);
				MARKETING_VERSION = 1.0;
				PRODUCT_BUNDLE_IDENTIFIER = aleksandre.RickAndMorty;
				PRODUCT_NAME = "$(TARGET_NAME)";
				SWIFT_EMIT_LOC_STRINGS = YES;
				SWIFT_VERSION = 5.0;
				TARGETED_DEVICE_FAMILY = "1,2";
			};
			name = Release;
		};
/* End XCBuildConfiguration section */

/* Begin XCConfigurationList section */
		9F76AEEB283CE1BA005E7ED9 /* Build configuration list for PBXProject "RickAndMorty" */ = {
			isa = XCConfigurationList;
			buildConfigurations = (
				9F76AF02283CE1BC005E7ED9 /* Debug */,
				9F76AF03283CE1BC005E7ED9 /* Release */,
			);
			defaultConfigurationIsVisible = 0;
			defaultConfigurationName = Release;
		};
		9F76AF04283CE1BC005E7ED9 /* Build configuration list for PBXNativeTarget "RickAndMorty" */ = {
			isa = XCConfigurationList;
			buildConfigurations = (
				9F76AF05283CE1BC005E7ED9 /* Debug */,
				9F76AF06283CE1BC005E7ED9 /* Release */,
			);
			defaultConfigurationIsVisible = 0;
			defaultConfigurationName = Release;
		};
/* End XCConfigurationList section */
	};
	rootObject = 9F76AEE8283CE1BA005E7ED9 /* Project object */;
}
